Microsoft Visual Studio Solution File, Format Version 12.00
# Visual Studio Version 17
VisualStudioVersion = 17.5.2.0
MinimumVisualStudioVersion = 10.0.40219.1
Project("{2150E333-8FDC-42A3-9474-1A3956D46DE8}") = "week02", "week02", "{131C5CCE-C85E-81CF-EB9F-372398CDB723}"
EndProject
Project("{FAE04EC0-301F-11D3-BF4B-00C04F79EFBC}") = "JournalApp", "week02\JournalApp\JournalApp.csproj", "{B210BBAC-2111-FE67-6C0B-2A1BF98A37A7}"
EndProject
Global
	GlobalSection(SolutionConfigurationPlatforms) = preSolution
		Debug|Any CPU = Debug|Any CPU
		Release|Any CPU = Release|Any CPU
	EndGlobalSection
	GlobalSection(ProjectConfigurationPlatforms) = postSolution
		{B210BBAC-2111-FE67-6C0B-2A1BF98A37A7}.Debug|Any CPU.ActiveCfg = Debug|Any CPU
		{B210BBAC-2111-FE67-6C0B-2A1BF98A37A7}.Debug|Any CPU.Build.0 = Debug|Any CPU
		{B210BBAC-2111-FE67-6C0B-2A1BF98A37A7}.Release|Any CPU.ActiveCfg = Release|Any CPU
		{B210BBAC-2111-FE67-6C0B-2A1BF98A37A7}.Release|Any CPU.Build.0 = Release|Any CPU
	EndGlobalSection
	GlobalSection(SolutionProperties) = preSolution
		HideSolutionNode = FALSE
	EndGlobalSection
	GlobalSection(NestedProjects) = preSolution
		{B210BBAC-2111-FE67-6C0B-2A1BF98A37A7} = {131C5CCE-C85E-81CF-EB9F-372398CDB723}
	EndGlobalSection
	GlobalSection(ExtensibilityGlobals) = postSolution
		SolutionGuid = {DB0C6D53-7F7B-4195-AFE6-5B9BD6843A4F}
	EndGlobalSection
EndGlobal
